
Microsoft Visual Studio Solution File, Format Version 12.00
# Visual Studio Version 17
VisualStudioVersion = 17.2.32630.192
MinimumVisualStudioVersion = 10.0.40219.1
Project("{FAE04EC0-301F-11D3-BF4B-00C04F79EFBC}") = "IteratorPattern", "IteratorPattern\IteratorPattern.csproj", "{DFCFDC18-6B54-4ECE-B725-C3C0EB157B60}"
EndProject
Global
	GlobalSection(SolutionConfigurationPlatforms) = preSolution
		Debug|Any CPU = Debug|Any CPU
		Release|Any CPU = Release|Any CPU
	EndGlobalSection
	GlobalSection(ProjectConfigurationPlatforms) = postSolution
		{DFCFDC18-6B54-4ECE-B725-C3C0EB157B60}.Debug|Any CPU.ActiveCfg = Debug|Any CPU
		{DFCFDC18-6B54-4ECE-B725-C3C0EB157B60}.Debug|Any CPU.Build.0 = Debug|Any CPU
		{DFCFDC18-6B54-4ECE-B725-C3C0EB157B60}.Release|Any CPU.ActiveCfg = Release|Any CPU
		{DFCFDC18-6B54-4ECE-B725-C3C0EB157B60}.Release|Any CPU.Build.0 = Release|Any CPU
	EndGlobalSection
	GlobalSection(SolutionProperties) = preSolution
		HideSolutionNode = FALSE
	EndGlobalSection
	GlobalSection(ExtensibilityGlobals) = postSolution
		SolutionGuid = {2676997D-EAD5-458D-B61A-79AE886B44D3}
	EndGlobalSection
EndGlobal
