
Microsoft Visual Studio Solution File, Format Version 12.00
# Visual Studio Version 17
VisualStudioVersion = 17.2.32630.192
MinimumVisualStudioVersion = 10.0.40219.1
Project("{FAE04EC0-301F-11D3-BF4B-00C04F79EFBC}") = "StatePattern", "StatePattern\StatePattern.csproj", "{2EAFCA35-85F5-41AE-9C65-943E26DA72FB}"
EndProject
Global
	GlobalSection(SolutionConfigurationPlatforms) = preSolution
		Debug|Any CPU = Debug|Any CPU
		Release|Any CPU = Release|Any CPU
	EndGlobalSection
	GlobalSection(ProjectConfigurationPlatforms) = postSolution
		{2EAFCA35-85F5-41AE-9C65-943E26DA72FB}.Debug|Any CPU.ActiveCfg = Debug|Any CPU
		{2EAFCA35-85F5-41AE-9C65-943E26DA72FB}.Debug|Any CPU.Build.0 = Debug|Any CPU
		{2EAFCA35-85F5-41AE-9C65-943E26DA72FB}.Release|Any CPU.ActiveCfg = Release|Any CPU
		{2EAFCA35-85F5-41AE-9C65-943E26DA72FB}.Release|Any CPU.Build.0 = Release|Any CPU
	EndGlobalSection
	GlobalSection(SolutionProperties) = preSolution
		HideSolutionNode = FALSE
	EndGlobalSection
	GlobalSection(ExtensibilityGlobals) = postSolution
		SolutionGuid = {F7087035-0A22-4BBE-8F64-AD1C9161DD37}
	EndGlobalSection
EndGlobal
