
Microsoft Visual Studio Solution File, Format Version 12.00
# Visual Studio Version 17
VisualStudioVersion = 17.2.32630.192
MinimumVisualStudioVersion = 10.0.40219.1
Project("{FAE04EC0-301F-11D3-BF4B-00C04F79EFBC}") = "AbstractFactoryPattern", "AbstractFactoryPattern\AbstractFactoryPattern.csproj", "{C2E1AD43-170D-454C-A8C0-BED5F60C58FB}"
EndProject
Global
	GlobalSection(SolutionConfigurationPlatforms) = preSolution
		Debug|Any CPU = Debug|Any CPU
		Release|Any CPU = Release|Any CPU
	EndGlobalSection
	GlobalSection(ProjectConfigurationPlatforms) = postSolution
		{C2E1AD43-170D-454C-A8C0-BED5F60C58FB}.Debug|Any CPU.ActiveCfg = Debug|Any CPU
		{C2E1AD43-170D-454C-A8C0-BED5F60C58FB}.Debug|Any CPU.Build.0 = Debug|Any CPU
		{C2E1AD43-170D-454C-A8C0-BED5F60C58FB}.Release|Any CPU.ActiveCfg = Release|Any CPU
		{C2E1AD43-170D-454C-A8C0-BED5F60C58FB}.Release|Any CPU.Build.0 = Release|Any CPU
	EndGlobalSection
	GlobalSection(SolutionProperties) = preSolution
		HideSolutionNode = FALSE
	EndGlobalSection
	GlobalSection(ExtensibilityGlobals) = postSolution
		SolutionGuid = {3D41A1D6-D220-4FAD-B933-2FDB098CB6E2}
	EndGlobalSection
EndGlobal
